{
    "version": 3,
    "terraform_version": "0.10.7",
    "serial": 3,
    "lineage": "a08db95a-0d74-4a28-8b8a-ef428d374593",
    "modules": [
        {
            "path": [
                "root"
            ],
            "outputs": {
                "child_memory": {
                    "sensitive": false,
                    "type": "string",
                    "value": "1G"
                },
                "nginx_hostname": {
                    "sensitive": false,
                    "type": "string",
                    "value": "nginx"
                },
                "nginx_ip": {
                    "sensitive": false,
                    "type": "string",
                    "value": "172.17.0.3"
                },
                "tomcat_hostname": {
                    "sensitive": false,
                    "type": "string",
                    "value": "tomcat"
                },
                "tomcat_ip": {
                    "sensitive": false,
                    "type": "string",
                    "value": "172.17.0.2"
                }
            },
            "resources": {
                "docker_container.mynginx": {
                    "type": "docker_container",
                    "depends_on": [
                        "docker_container.tomcat",
                        "docker_image.nginx"
                    ],
                    "primary": {
                        "id": "0d9d0982f534e395f95cb7656dddb6cb7798b04bf9cfb605db57c4d1a63b1bdb",
                        "attributes": {
                            "bridge": "",
                            "gateway": "172.17.0.1",
                            "hostname": "nginx",
                            "id": "0d9d0982f534e395f95cb7656dddb6cb7798b04bf9cfb605db57c4d1a63b1bdb",
                            "image": "sha256:da5939581ac835614e3cf6c765e7489e6d0fc602a44e98c07013f1c938f49675",
                            "ip_address": "172.17.0.3",
                            "ip_prefix_length": "16",
                            "links.#": "1",
                            "links.1958667732": "mytomcat",
                            "log_driver": "json-file",
                            "must_run": "true",
                            "name": "nginx",
                            "ports.#": "1",
                            "ports.1516735375.external": "80",
                            "ports.1516735375.internal": "80",
                            "ports.1516735375.ip": "",
                            "ports.1516735375.protocol": "tcp",
                            "restart": "on-failure",
                            "upload.#": "1",
                            "upload.75089550.content": "server {\n  listen          80;\n  server_name     localhost;\n location / { \n        proxy_set_header X-Forwarded-Host $host;\n        proxy_set_header X-Forwarded-Server $host;\n        proxy_set_header X-Forwarded-For $proxy_add_x_forwarded_for;\n        proxy_pass http://tomcat:8080/;\n  }\n}\n",
                            "upload.75089550.file": "/etc/nginx/conf.d/default.conf"
                        },
                        "meta": {},
                        "tainted": false
                    },
                    "deposed": [],
                    "provider": ""
                },
                "docker_container.tomcat": {
                    "type": "docker_container",
                    "depends_on": [
                        "docker_image.tomcat"
                    ],
                    "primary": {
                        "id": "85f98fc747c9d5f6464a6fce4104d66a2457bb742d451088843d92afec29da2f",
                        "attributes": {
                            "bridge": "",
                            "gateway": "172.17.0.1",
                            "hostname": "tomcat",
                            "id": "85f98fc747c9d5f6464a6fce4104d66a2457bb742d451088843d92afec29da2f",
                            "image": "sha256:3eb9a51149d5e3271dc3baf2475a0ba79d96a777c0709dfa4614ec0a9e2914d9",
                            "ip_address": "172.17.0.2",
                            "ip_prefix_length": "16",
                            "log_driver": "json-file",
                            "must_run": "true",
                            "name": "mytomcat",
                            "restart": "on-failure"
                        },
                        "meta": {},
                        "tainted": false
                    },
                    "deposed": [],
                    "provider": ""
                },
                "docker_image.nginx": {
                    "type": "docker_image",
                    "depends_on": [],
                    "primary": {
                        "id": "sha256:da5939581ac835614e3cf6c765e7489e6d0fc602a44e98c07013f1c938f49675nginx:latest",
                        "attributes": {
                            "id": "sha256:da5939581ac835614e3cf6c765e7489e6d0fc602a44e98c07013f1c938f49675nginx:latest",
                            "latest": "sha256:da5939581ac835614e3cf6c765e7489e6d0fc602a44e98c07013f1c938f49675",
                            "name": "nginx:latest"
                        },
                        "meta": {},
                        "tainted": false
                    },
                    "deposed": [],
                    "provider": ""
                },
                "docker_image.tomcat": {
                    "type": "docker_image",
                    "depends_on": [],
                    "primary": {
                        "id": "sha256:3eb9a51149d5e3271dc3baf2475a0ba79d96a777c0709dfa4614ec0a9e2914d9tomcat:latest",
                        "attributes": {
                            "id": "sha256:3eb9a51149d5e3271dc3baf2475a0ba79d96a777c0709dfa4614ec0a9e2914d9tomcat:latest",
                            "keep_locally": "true",
                            "latest": "sha256:3eb9a51149d5e3271dc3baf2475a0ba79d96a777c0709dfa4614ec0a9e2914d9",
                            "name": "tomcat:latest"
                        },
                        "meta": {},
                        "tainted": false
                    },
                    "deposed": [],
                    "provider": ""
                }
            },
            "depends_on": []
        },
        {
            "path": [
                "root",
                "child"
            ],
            "outputs": {
                "received": {
                    "sensitive": false,
                    "type": "string",
                    "value": "1G"
                }
            },
            "resources": {},
            "depends_on": []
        }
    ]
}
